
Microsoft Visual Studio Solution File, Format Version 12.00
# Visual Studio 15
VisualStudioVersion = 15.0.28307.960
MinimumVisualStudioVersion = 10.0.40219.1
Project("{9A19103F-16F7-4668-BE54-9A1E7A4F7556}") = "coreTest", "coreTest\coreTest.csproj", "{5F5B2057-37BE-42AF-B2CC-B54523CFEC6B}"
EndProject
Global
	GlobalSection(SolutionConfigurationPlatforms) = preSolution
		Debug|Any CPU = Debug|Any CPU
		Release|Any CPU = Release|Any CPU
	EndGlobalSection
	GlobalSection(ProjectConfigurationPlatforms) = postSolution
		{5F5B2057-37BE-42AF-B2CC-B54523CFEC6B}.Debug|Any CPU.ActiveCfg = Debug|Any CPU
		{5F5B2057-37BE-42AF-B2CC-B54523CFEC6B}.Debug|Any CPU.Build.0 = Debug|Any CPU
		{5F5B2057-37BE-42AF-B2CC-B54523CFEC6B}.Release|Any CPU.ActiveCfg = Release|Any CPU
		{5F5B2057-37BE-42AF-B2CC-B54523CFEC6B}.Release|Any CPU.Build.0 = Release|Any CPU
	EndGlobalSection
	GlobalSection(SolutionProperties) = preSolution
		HideSolutionNode = FALSE
	EndGlobalSection
	GlobalSection(ExtensibilityGlobals) = postSolution
		SolutionGuid = {49D60E81-A1C1-4E69-999F-8F26CA5ED971}
	EndGlobalSection
EndGlobal
